
Microsoft Visual Studio Solution File, Format Version 12.00
# Visual Studio Version 17
VisualStudioVersion = 17.8.34511.84
MinimumVisualStudioVersion = 10.0.40219.1
Project("{FAE04EC0-301F-11D3-BF4B-00C04F79EFBC}") = "Øvelsersynkuge7", "Øvelsersynkuge7\Øvelsersynkuge7.csproj", "{D2B34ECC-2F42-4E50-8513-341791D29AFA}"
EndProject
Project("{FAE04EC0-301F-11D3-BF4B-00C04F79EFBC}") = "uge7øv12", "uge7øv12\uge7øv12.csproj", "{9900A12C-A7BA-4C2B-ABE3-670D5BF001D0}"
EndProject
Project("{FAE04EC0-301F-11D3-BF4B-00C04F79EFBC}") = "uge7øv13", "uge7øv13\uge7øv13.csproj", "{71E5AE6C-3726-4912-9A22-0D4AF616112D}"
EndProject
Project("{FAE04EC0-301F-11D3-BF4B-00C04F79EFBC}") = "uge7øv21", "uge7øv21\uge7øv21.csproj", "{3EF9AE6F-B63A-48E0-B4A4-934B38D3C7E7}"
EndProject
Project("{FAE04EC0-301F-11D3-BF4B-00C04F79EFBC}") = "uge7øv22", "uge7øv22\uge7øv22.csproj", "{51E68289-887F-411E-8655-C90716591116}"
EndProject
Project("{FAE04EC0-301F-11D3-BF4B-00C04F79EFBC}") = "uge7øv23", "uge7øv23\uge7øv23.csproj", "{24A0F6F3-E4E5-42F8-8C43-1FFC2CA3B735}"
EndProject
Global
	GlobalSection(SolutionConfigurationPlatforms) = preSolution
		Debug|Any CPU = Debug|Any CPU
		Release|Any CPU = Release|Any CPU
	EndGlobalSection
	GlobalSection(ProjectConfigurationPlatforms) = postSolution
		{D2B34ECC-2F42-4E50-8513-341791D29AFA}.Debug|Any CPU.ActiveCfg = Debug|Any CPU
		{D2B34ECC-2F42-4E50-8513-341791D29AFA}.Debug|Any CPU.Build.0 = Debug|Any CPU
		{D2B34ECC-2F42-4E50-8513-341791D29AFA}.Release|Any CPU.ActiveCfg = Release|Any CPU
		{D2B34ECC-2F42-4E50-8513-341791D29AFA}.Release|Any CPU.Build.0 = Release|Any CPU
		{9900A12C-A7BA-4C2B-ABE3-670D5BF001D0}.Debug|Any CPU.ActiveCfg = Debug|Any CPU
		{9900A12C-A7BA-4C2B-ABE3-670D5BF001D0}.Debug|Any CPU.Build.0 = Debug|Any CPU
		{9900A12C-A7BA-4C2B-ABE3-670D5BF001D0}.Release|Any CPU.ActiveCfg = Release|Any CPU
		{9900A12C-A7BA-4C2B-ABE3-670D5BF001D0}.Release|Any CPU.Build.0 = Release|Any CPU
		{71E5AE6C-3726-4912-9A22-0D4AF616112D}.Debug|Any CPU.ActiveCfg = Debug|Any CPU
		{71E5AE6C-3726-4912-9A22-0D4AF616112D}.Debug|Any CPU.Build.0 = Debug|Any CPU
		{71E5AE6C-3726-4912-9A22-0D4AF616112D}.Release|Any CPU.ActiveCfg = Release|Any CPU
		{71E5AE6C-3726-4912-9A22-0D4AF616112D}.Release|Any CPU.Build.0 = Release|Any CPU
		{3EF9AE6F-B63A-48E0-B4A4-934B38D3C7E7}.Debug|Any CPU.ActiveCfg = Debug|Any CPU
		{3EF9AE6F-B63A-48E0-B4A4-934B38D3C7E7}.Debug|Any CPU.Build.0 = Debug|Any CPU
		{3EF9AE6F-B63A-48E0-B4A4-934B38D3C7E7}.Release|Any CPU.ActiveCfg = Release|Any CPU
		{3EF9AE6F-B63A-48E0-B4A4-934B38D3C7E7}.Release|Any CPU.Build.0 = Release|Any CPU
		{51E68289-887F-411E-8655-C90716591116}.Debug|Any CPU.ActiveCfg = Debug|Any CPU
		{51E68289-887F-411E-8655-C90716591116}.Debug|Any CPU.Build.0 = Debug|Any CPU
		{51E68289-887F-411E-8655-C90716591116}.Release|Any CPU.ActiveCfg = Release|Any CPU
		{51E68289-887F-411E-8655-C90716591116}.Release|Any CPU.Build.0 = Release|Any CPU
		{24A0F6F3-E4E5-42F8-8C43-1FFC2CA3B735}.Debug|Any CPU.ActiveCfg = Debug|Any CPU
		{24A0F6F3-E4E5-42F8-8C43-1FFC2CA3B735}.Debug|Any CPU.Build.0 = Debug|Any CPU
		{24A0F6F3-E4E5-42F8-8C43-1FFC2CA3B735}.Release|Any CPU.ActiveCfg = Release|Any CPU
		{24A0F6F3-E4E5-42F8-8C43-1FFC2CA3B735}.Release|Any CPU.Build.0 = Release|Any CPU
	EndGlobalSection
	GlobalSection(SolutionProperties) = preSolution
		HideSolutionNode = FALSE
	EndGlobalSection
	GlobalSection(ExtensibilityGlobals) = postSolution
		SolutionGuid = {EC82D95F-0E38-4EEC-ADCB-7AB92B0BA4E9}
	EndGlobalSection
EndGlobal
