
Microsoft Visual Studio Solution File, Format Version 12.00
# Visual Studio Version 17
VisualStudioVersion = 17.8.34511.84
MinimumVisualStudioVersion = 10.0.40219.1
Project("{FAE04EC0-301F-11D3-BF4B-00C04F79EFBC}") = "TheMovies", "TheMovies\TheMovies.csproj", "{535C2E63-2970-48F0-A070-A9AB8D9BD640}"
EndProject
Global
	GlobalSection(SolutionConfigurationPlatforms) = preSolution
		Debug|Any CPU = Debug|Any CPU
		Release|Any CPU = Release|Any CPU
	EndGlobalSection
	GlobalSection(ProjectConfigurationPlatforms) = postSolution
		{535C2E63-2970-48F0-A070-A9AB8D9BD640}.Debug|Any CPU.ActiveCfg = Debug|Any CPU
		{535C2E63-2970-48F0-A070-A9AB8D9BD640}.Debug|Any CPU.Build.0 = Debug|Any CPU
		{535C2E63-2970-48F0-A070-A9AB8D9BD640}.Release|Any CPU.ActiveCfg = Release|Any CPU
		{535C2E63-2970-48F0-A070-A9AB8D9BD640}.Release|Any CPU.Build.0 = Release|Any CPU
	EndGlobalSection
	GlobalSection(SolutionProperties) = preSolution
		HideSolutionNode = FALSE
	EndGlobalSection
	GlobalSection(ExtensibilityGlobals) = postSolution
		SolutionGuid = {F8A6E3D0-CC66-4D9A-9442-7290B18C59B0}
	EndGlobalSection
EndGlobal
