
Microsoft Visual Studio Solution File, Format Version 12.00
# Visual Studio Version 17
VisualStudioVersion = 17.8.34511.84
MinimumVisualStudioVersion = 10.0.40219.1
Project("{FAE04EC0-301F-11D3-BF4B-00C04F79EFBC}") = "Persistens", "Persistens\Persistens.csproj", "{6A0F6C8D-7D5C-48B8-9107-7DE2AFB1A012}"
EndProject
Project("{FAE04EC0-301F-11D3-BF4B-00C04F79EFBC}") = "PersistensTest", "PersistensTest\PersistensTest.csproj", "{A94C1BAD-A542-4B51-9C0E-BD4053415EC9}"
EndProject
Global
	GlobalSection(SolutionConfigurationPlatforms) = preSolution
		Debug|Any CPU = Debug|Any CPU
		Release|Any CPU = Release|Any CPU
	EndGlobalSection
	GlobalSection(ProjectConfigurationPlatforms) = postSolution
		{6A0F6C8D-7D5C-48B8-9107-7DE2AFB1A012}.Debug|Any CPU.ActiveCfg = Debug|Any CPU
		{6A0F6C8D-7D5C-48B8-9107-7DE2AFB1A012}.Debug|Any CPU.Build.0 = Debug|Any CPU
		{6A0F6C8D-7D5C-48B8-9107-7DE2AFB1A012}.Release|Any CPU.ActiveCfg = Release|Any CPU
		{6A0F6C8D-7D5C-48B8-9107-7DE2AFB1A012}.Release|Any CPU.Build.0 = Release|Any CPU
		{A94C1BAD-A542-4B51-9C0E-BD4053415EC9}.Debug|Any CPU.ActiveCfg = Debug|Any CPU
		{A94C1BAD-A542-4B51-9C0E-BD4053415EC9}.Debug|Any CPU.Build.0 = Debug|Any CPU
		{A94C1BAD-A542-4B51-9C0E-BD4053415EC9}.Release|Any CPU.ActiveCfg = Release|Any CPU
		{A94C1BAD-A542-4B51-9C0E-BD4053415EC9}.Release|Any CPU.Build.0 = Release|Any CPU
	EndGlobalSection
	GlobalSection(SolutionProperties) = preSolution
		HideSolutionNode = FALSE
	EndGlobalSection
	GlobalSection(ExtensibilityGlobals) = postSolution
		SolutionGuid = {0751836F-FBB8-4114-8103-421F062C8874}
	EndGlobalSection
EndGlobal
