
Microsoft Visual Studio Solution File, Format Version 12.00
# Visual Studio Version 17
VisualStudioVersion = 17.10.35201.131
MinimumVisualStudioVersion = 10.0.40219.1
Project("{FAE04EC0-301F-11D3-BF4B-00C04F79EFBC}") = "ExtensionsEvents", "ExtensionsEvents\ExtensionsEvents.csproj", "{A706BFD3-E8DB-46AF-B79E-DB0EDCA077D5}"
EndProject
Project("{FAE04EC0-301F-11D3-BF4B-00C04F79EFBC}") = "TestProject1", "TestProject1\TestProject1.csproj", "{0E201BC6-731B-4397-A122-EE62CB948583}"
EndProject
Project("{FAE04EC0-301F-11D3-BF4B-00C04F79EFBC}") = "EventsPiggybank", "EventsPiggybank\EventsPiggybank.csproj", "{FF73DBD9-A492-4D0D-81F7-F840BA17CE4C}"
EndProject
Project("{FAE04EC0-301F-11D3-BF4B-00C04F79EFBC}") = "Metronome1", "Metronome1\Metronome1.csproj", "{5472F4FC-972D-443C-B4E8-1B11DC4F3BEE}"
EndProject
Project("{FAE04EC0-301F-11D3-BF4B-00C04F79EFBC}") = "MetronomeDelegate", "MetronomeDelegate\MetronomeDelegate.csproj", "{86AE2D9C-1972-4D06-9569-C803483F2D4F}"
EndProject
Global
	GlobalSection(SolutionConfigurationPlatforms) = preSolution
		Debug|Any CPU = Debug|Any CPU
		Release|Any CPU = Release|Any CPU
	EndGlobalSection
	GlobalSection(ProjectConfigurationPlatforms) = postSolution
		{A706BFD3-E8DB-46AF-B79E-DB0EDCA077D5}.Debug|Any CPU.ActiveCfg = Debug|Any CPU
		{A706BFD3-E8DB-46AF-B79E-DB0EDCA077D5}.Debug|Any CPU.Build.0 = Debug|Any CPU
		{A706BFD3-E8DB-46AF-B79E-DB0EDCA077D5}.Release|Any CPU.ActiveCfg = Release|Any CPU
		{A706BFD3-E8DB-46AF-B79E-DB0EDCA077D5}.Release|Any CPU.Build.0 = Release|Any CPU
		{0E201BC6-731B-4397-A122-EE62CB948583}.Debug|Any CPU.ActiveCfg = Debug|Any CPU
		{0E201BC6-731B-4397-A122-EE62CB948583}.Debug|Any CPU.Build.0 = Debug|Any CPU
		{0E201BC6-731B-4397-A122-EE62CB948583}.Release|Any CPU.ActiveCfg = Release|Any CPU
		{0E201BC6-731B-4397-A122-EE62CB948583}.Release|Any CPU.Build.0 = Release|Any CPU
		{FF73DBD9-A492-4D0D-81F7-F840BA17CE4C}.Debug|Any CPU.ActiveCfg = Debug|Any CPU
		{FF73DBD9-A492-4D0D-81F7-F840BA17CE4C}.Debug|Any CPU.Build.0 = Debug|Any CPU
		{FF73DBD9-A492-4D0D-81F7-F840BA17CE4C}.Release|Any CPU.ActiveCfg = Release|Any CPU
		{FF73DBD9-A492-4D0D-81F7-F840BA17CE4C}.Release|Any CPU.Build.0 = Release|Any CPU
		{5472F4FC-972D-443C-B4E8-1B11DC4F3BEE}.Debug|Any CPU.ActiveCfg = Debug|Any CPU
		{5472F4FC-972D-443C-B4E8-1B11DC4F3BEE}.Debug|Any CPU.Build.0 = Debug|Any CPU
		{5472F4FC-972D-443C-B4E8-1B11DC4F3BEE}.Release|Any CPU.ActiveCfg = Release|Any CPU
		{5472F4FC-972D-443C-B4E8-1B11DC4F3BEE}.Release|Any CPU.Build.0 = Release|Any CPU
		{86AE2D9C-1972-4D06-9569-C803483F2D4F}.Debug|Any CPU.ActiveCfg = Debug|Any CPU
		{86AE2D9C-1972-4D06-9569-C803483F2D4F}.Debug|Any CPU.Build.0 = Debug|Any CPU
		{86AE2D9C-1972-4D06-9569-C803483F2D4F}.Release|Any CPU.ActiveCfg = Release|Any CPU
		{86AE2D9C-1972-4D06-9569-C803483F2D4F}.Release|Any CPU.Build.0 = Release|Any CPU
	EndGlobalSection
	GlobalSection(SolutionProperties) = preSolution
		HideSolutionNode = FALSE
	EndGlobalSection
	GlobalSection(ExtensibilityGlobals) = postSolution
		SolutionGuid = {2B3D8436-CD56-478D-B760-30EE641DDACE}
	EndGlobalSection
EndGlobal
