
Microsoft Visual Studio Solution File, Format Version 12.00
# Visual Studio Version 17
VisualStudioVersion = 17.8.34511.84
MinimumVisualStudioVersion = 10.0.40219.1
Project("{FAE04EC0-301F-11D3-BF4B-00C04F79EFBC}") = "1.2", "1.2\1.2.csproj", "{76DA5CC2-1DB9-45D9-BABF-0100B5F43D7C}"
EndProject
Project("{FAE04EC0-301F-11D3-BF4B-00C04F79EFBC}") = "1.4", "1.4\1.4.csproj", "{D744ABFD-872D-4D6B-A2BB-92440A8A53C1}"
EndProject
Project("{FAE04EC0-301F-11D3-BF4B-00C04F79EFBC}") = "1.5", "1.5\1.5.csproj", "{B07822C3-2323-411E-BCD6-CBF66BA07957}"
EndProject
Project("{FAE04EC0-301F-11D3-BF4B-00C04F79EFBC}") = "1.6", "1.6\1.6.csproj", "{A6B81ACF-5BC8-4452-B277-82079BF01A0F}"
EndProject
Project("{FAE04EC0-301F-11D3-BF4B-00C04F79EFBC}") = "1.7", "1.7\1.7.csproj", "{0799885C-5DDB-4ADC-BBBE-5F605F9EC453}"
EndProject
Project("{FAE04EC0-301F-11D3-BF4B-00C04F79EFBC}") = "1.9", "1.9\1.9.csproj", "{D51296D7-B57D-4F7B-BFE4-CE9965BD0585}"
EndProject
Project("{FAE04EC0-301F-11D3-BF4B-00C04F79EFBC}") = "1.10", "1.10\1.10.csproj", "{486322E5-FCC5-4A11-B5BE-BC36B486825F}"
EndProject
Project("{FAE04EC0-301F-11D3-BF4B-00C04F79EFBC}") = "1.11", "1.11\1.11.csproj", "{ACB48442-4244-4F8B-A6D2-715D7372639A}"
EndProject
Project("{FAE04EC0-301F-11D3-BF4B-00C04F79EFBC}") = "1.12", "1.12\1.12.csproj", "{2F96F07D-C44F-406E-ABE2-B4338D24A5A5}"
EndProject
Global
	GlobalSection(SolutionConfigurationPlatforms) = preSolution
		Debug|Any CPU = Debug|Any CPU
		Release|Any CPU = Release|Any CPU
	EndGlobalSection
	GlobalSection(ProjectConfigurationPlatforms) = postSolution
		{76DA5CC2-1DB9-45D9-BABF-0100B5F43D7C}.Debug|Any CPU.ActiveCfg = Debug|Any CPU
		{76DA5CC2-1DB9-45D9-BABF-0100B5F43D7C}.Debug|Any CPU.Build.0 = Debug|Any CPU
		{76DA5CC2-1DB9-45D9-BABF-0100B5F43D7C}.Release|Any CPU.ActiveCfg = Release|Any CPU
		{76DA5CC2-1DB9-45D9-BABF-0100B5F43D7C}.Release|Any CPU.Build.0 = Release|Any CPU
		{D744ABFD-872D-4D6B-A2BB-92440A8A53C1}.Debug|Any CPU.ActiveCfg = Debug|Any CPU
		{D744ABFD-872D-4D6B-A2BB-92440A8A53C1}.Debug|Any CPU.Build.0 = Debug|Any CPU
		{D744ABFD-872D-4D6B-A2BB-92440A8A53C1}.Release|Any CPU.ActiveCfg = Release|Any CPU
		{D744ABFD-872D-4D6B-A2BB-92440A8A53C1}.Release|Any CPU.Build.0 = Release|Any CPU
		{B07822C3-2323-411E-BCD6-CBF66BA07957}.Debug|Any CPU.ActiveCfg = Debug|Any CPU
		{B07822C3-2323-411E-BCD6-CBF66BA07957}.Debug|Any CPU.Build.0 = Debug|Any CPU
		{B07822C3-2323-411E-BCD6-CBF66BA07957}.Release|Any CPU.ActiveCfg = Release|Any CPU
		{B07822C3-2323-411E-BCD6-CBF66BA07957}.Release|Any CPU.Build.0 = Release|Any CPU
		{A6B81ACF-5BC8-4452-B277-82079BF01A0F}.Debug|Any CPU.ActiveCfg = Debug|Any CPU
		{A6B81ACF-5BC8-4452-B277-82079BF01A0F}.Debug|Any CPU.Build.0 = Debug|Any CPU
		{A6B81ACF-5BC8-4452-B277-82079BF01A0F}.Release|Any CPU.ActiveCfg = Release|Any CPU
		{A6B81ACF-5BC8-4452-B277-82079BF01A0F}.Release|Any CPU.Build.0 = Release|Any CPU
		{0799885C-5DDB-4ADC-BBBE-5F605F9EC453}.Debug|Any CPU.ActiveCfg = Debug|Any CPU
		{0799885C-5DDB-4ADC-BBBE-5F605F9EC453}.Debug|Any CPU.Build.0 = Debug|Any CPU
		{0799885C-5DDB-4ADC-BBBE-5F605F9EC453}.Release|Any CPU.ActiveCfg = Release|Any CPU
		{0799885C-5DDB-4ADC-BBBE-5F605F9EC453}.Release|Any CPU.Build.0 = Release|Any CPU
		{D51296D7-B57D-4F7B-BFE4-CE9965BD0585}.Debug|Any CPU.ActiveCfg = Debug|Any CPU
		{D51296D7-B57D-4F7B-BFE4-CE9965BD0585}.Debug|Any CPU.Build.0 = Debug|Any CPU
		{D51296D7-B57D-4F7B-BFE4-CE9965BD0585}.Release|Any CPU.ActiveCfg = Release|Any CPU
		{D51296D7-B57D-4F7B-BFE4-CE9965BD0585}.Release|Any CPU.Build.0 = Release|Any CPU
		{486322E5-FCC5-4A11-B5BE-BC36B486825F}.Debug|Any CPU.ActiveCfg = Debug|Any CPU
		{486322E5-FCC5-4A11-B5BE-BC36B486825F}.Debug|Any CPU.Build.0 = Debug|Any CPU
		{486322E5-FCC5-4A11-B5BE-BC36B486825F}.Release|Any CPU.ActiveCfg = Release|Any CPU
		{486322E5-FCC5-4A11-B5BE-BC36B486825F}.Release|Any CPU.Build.0 = Release|Any CPU
		{ACB48442-4244-4F8B-A6D2-715D7372639A}.Debug|Any CPU.ActiveCfg = Debug|Any CPU
		{ACB48442-4244-4F8B-A6D2-715D7372639A}.Debug|Any CPU.Build.0 = Debug|Any CPU
		{ACB48442-4244-4F8B-A6D2-715D7372639A}.Release|Any CPU.ActiveCfg = Release|Any CPU
		{ACB48442-4244-4F8B-A6D2-715D7372639A}.Release|Any CPU.Build.0 = Release|Any CPU
		{2F96F07D-C44F-406E-ABE2-B4338D24A5A5}.Debug|Any CPU.ActiveCfg = Debug|Any CPU
		{2F96F07D-C44F-406E-ABE2-B4338D24A5A5}.Debug|Any CPU.Build.0 = Debug|Any CPU
		{2F96F07D-C44F-406E-ABE2-B4338D24A5A5}.Release|Any CPU.ActiveCfg = Release|Any CPU
		{2F96F07D-C44F-406E-ABE2-B4338D24A5A5}.Release|Any CPU.Build.0 = Release|Any CPU
	EndGlobalSection
	GlobalSection(SolutionProperties) = preSolution
		HideSolutionNode = FALSE
	EndGlobalSection
	GlobalSection(ExtensibilityGlobals) = postSolution
		SolutionGuid = {F8086475-DFA4-4FAB-BDD0-E954BC9A314C}
	EndGlobalSection
EndGlobal
